
Microsoft Visual Studio Solution File, Format Version 12.00
# Visual Studio Version 16
VisualStudioVersion = 16.0.31410.357
MinimumVisualStudioVersion = 10.0.40219.1
Project("{8BC9CEB8-8B4A-11D0-8D11-00A0C91BC942}") = "CustomRumble1", "CustomRumble1\CustomRumble1.vcxproj", "{6BCC2A9C-EFAF-4899-BE6D-672E5FC618CB}"
EndProject
Global
	GlobalSection(SolutionConfigurationPlatforms) = preSolution
		Release|x64 = Release|x64
	EndGlobalSection
	GlobalSection(ProjectConfigurationPlatforms) = postSolution
		{6BCC2A9C-EFAF-4899-BE6D-672E5FC618CB}.Release|x64.ActiveCfg = Release|x64
		{6BCC2A9C-EFAF-4899-BE6D-672E5FC618CB}.Release|x64.Build.0 = Release|x64
	EndGlobalSection
	GlobalSection(SolutionProperties) = preSolution
		HideSolutionNode = FALSE
	EndGlobalSection
	GlobalSection(ExtensibilityGlobals) = postSolution
		SolutionGuid = {ADE59E70-4CEB-4151-B23B-A260AE40BC90}
	EndGlobalSection
EndGlobal
